{
  "name": "non_conventional_licenses_project",
  "version": "1.0.0",
  "lockfileVersion": 3,
  "requires": true,
  "packages": {
    "": {
      "name": "non_conventional_licenses_project",
      "version": "1.0.0",
      "license": "ISC",
      "dependencies": {
        "custom-module1": "github:pixxzr/custom-module1",
        "custom-module2": "github:pixxzr/custom-module2",
        "custom-module3": "github:pixxzr/custom-module3"
      }
    },
    "node_modules/custom-module1": {
      "version": "1.0.0",
      "resolved": "git+ssh://git@github.com/pixxzr/custom-module1.git#cc88e38c672496697b6f019a0a70b6f0c4abfe29",
      "license": "ISC"
    },
    "node_modules/custom-module2": {
      "version": "1.0.0",
      "resolved": "git+ssh://git@github.com/pixxzr/custom-module2.git#2f42e00efe8dade403a196cc6dfeb6be0885cf98",
      "license": "MIT45"
    },
    "node_modules/custom-module3": {
      "version": "1.0.0",
      "resolved": "git+ssh://git@github.com/pixxzr/custom-module3.git#a5657c15f9005fcc5f98e1a4e757f538d5fd09c7",
      "license": "CustomHiddenLicense"
    }
  }
}
